
Microsoft Visual Studio Solution File, Format Version 12.00
# Visual Studio Version 16
VisualStudioVersion = 16.0.29215.179
MinimumVisualStudioVersion = 10.0.40219.1
Project("{FAE04EC0-301F-11D3-BF4B-00C04F79EFBC}") = "MVC", "MVC\MVC.csproj", "{3CB448D2-9AA5-45F1-AA9F-3CC32262D624}"
EndProject
Global
	GlobalSection(SolutionConfigurationPlatforms) = preSolution
		Debug|Any CPU = Debug|Any CPU
		Release|Any CPU = Release|Any CPU
	EndGlobalSection
	GlobalSection(ProjectConfigurationPlatforms) = postSolution
		{3CB448D2-9AA5-45F1-AA9F-3CC32262D624}.Debug|Any CPU.ActiveCfg = Debug|Any CPU
		{3CB448D2-9AA5-45F1-AA9F-3CC32262D624}.Debug|Any CPU.Build.0 = Debug|Any CPU
		{3CB448D2-9AA5-45F1-AA9F-3CC32262D624}.Release|Any CPU.ActiveCfg = Release|Any CPU
		{3CB448D2-9AA5-45F1-AA9F-3CC32262D624}.Release|Any CPU.Build.0 = Release|Any CPU
	EndGlobalSection
	GlobalSection(SolutionProperties) = preSolution
		HideSolutionNode = FALSE
	EndGlobalSection
	GlobalSection(ExtensibilityGlobals) = postSolution
		SolutionGuid = {D2BC5DFA-D1B2-40B9-B249-CA491E6D06CE}
	EndGlobalSection
EndGlobal
